
Microsoft Visual Studio Solution File, Format Version 12.00
# Visual Studio Version 16
VisualStudioVersion = 16.0.810.2
MinimumVisualStudioVersion = 10.0.40219.1
Project("{FAE04EC0-301F-11D3-BF4B-00C04F79EFBC}") = "CarLotSimulator3.1", "CarLotSimulator3.1\CarLotSimulator3.1.csproj", "{8D13FB23-B3C1-4F08-B521-20C36F3C894D}"
EndProject
Global
	GlobalSection(SolutionConfigurationPlatforms) = preSolution
		Debug|Any CPU = Debug|Any CPU
		Release|Any CPU = Release|Any CPU
	EndGlobalSection
	GlobalSection(ProjectConfigurationPlatforms) = postSolution
		{8D13FB23-B3C1-4F08-B521-20C36F3C894D}.Debug|Any CPU.ActiveCfg = Debug|Any CPU
		{8D13FB23-B3C1-4F08-B521-20C36F3C894D}.Debug|Any CPU.Build.0 = Debug|Any CPU
		{8D13FB23-B3C1-4F08-B521-20C36F3C894D}.Release|Any CPU.ActiveCfg = Release|Any CPU
		{8D13FB23-B3C1-4F08-B521-20C36F3C894D}.Release|Any CPU.Build.0 = Release|Any CPU
	EndGlobalSection
	GlobalSection(SolutionProperties) = preSolution
		HideSolutionNode = FALSE
	EndGlobalSection
	GlobalSection(ExtensibilityGlobals) = postSolution
		SolutionGuid = {145C901A-8A00-444B-B00B-C57791AEAE73}
	EndGlobalSection
EndGlobal
